// !$*UTF8*$!
{
	archiveVersion = 1;
	classes = {
	};
	objectVersion = 46;
	objects = {

/* Begin PBXBuildFile section */
		041EDBCF1A625CEC00ECDA48 /* AppDelegate.swift in Sources */ = {isa = PBXBuildFile; fileRef = 041EDBCE1A625CEC00ECDA48 /* AppDelegate.swift */; };
		041EDBD11A625CEC00ECDA48 /* ViewController.swift in Sources */ = {isa = PBXBuildFile; fileRef = 041EDBD01A625CEC00ECDA48 /* ViewController.swift */; };
		041EDBD41A625CEC00ECDA48 /* Main.storyboard in Resources */ = {isa = PBXBuildFile; fileRef = 041EDBD21A625CEC00ECDA48 /* Main.storyboard */; };
		041EDBD61A625CEC00ECDA48 /* Images.xcassets in Resources */ = {isa = PBXBuildFile; fileRef = 041EDBD51A625CEC00ECDA48 /* Images.xcassets */; };
		041EDBD91A625CEC00ECDA48 /* LaunchScreen.xib in Resources */ = {isa = PBXBuildFile; fileRef = 041EDBD71A625CEC00ECDA48 /* LaunchScreen.xib */; };
		041EDBE51A625CED00ECDA48 /* OCRTrackingOrderTests.swift in Sources */ = {isa = PBXBuildFile; fileRef = 041EDBE41A625CED00ECDA48 /* OCRTrackingOrderTests.swift */; };
		041EDBF01A625D9200ECDA48 /* Envelope.png in Resources */ = {isa = PBXBuildFile; fileRef = 041EDBEE1A625D9200ECDA48 /* Envelope.png */; };
		041EDBF11A625D9200ECDA48 /* Swap.png in Resources */ = {isa = PBXBuildFile; fileRef = 041EDBEF1A625D9200ECDA48 /* Swap.png */; };
		0C7E76F51AF754F900DEFC37 /* image1.png in Resources */ = {isa = PBXBuildFile; fileRef = 0C7E76F41AF754F900DEFC37 /* image1.png */; };
		0C7E76F71AF755A200DEFC37 /* logo.png in Resources */ = {isa = PBXBuildFile; fileRef = 0C7E76F61AF755A200DEFC37 /* logo.png */; };
		0CF7AE0A1AE5DAB500E3B1A1 /* SignupVC.swift in Sources */ = {isa = PBXBuildFile; fileRef = 0CF7AE091AE5DAB500E3B1A1 /* SignupVC.swift */; };
		0CF7AE0C1AE5DC7600E3B1A1 /* LoginVC.swift in Sources */ = {isa = PBXBuildFile; fileRef = 0CF7AE0B1AE5DC7600E3B1A1 /* LoginVC.swift */; };
		0CF7AE0E1AE5DE0E00E3B1A1 /* ForgotPasswordVC.swift in Sources */ = {isa = PBXBuildFile; fileRef = 0CF7AE0D1AE5DE0D00E3B1A1 /* ForgotPasswordVC.swift */; };
		0CFF377E1AE34AD800493FEA /* tessdata in Resources */ = {isa = PBXBuildFile; fileRef = 0CFF377D1AE34AD800493FEA /* tessdata */; };
		0CFF37801AE34AE000493FEA /* TesseractOCR.framework in Frameworks */ = {isa = PBXBuildFile; fileRef = 0CFF377F1AE34AE000493FEA /* TesseractOCR.framework */; };
		0CFF37821AE34BB200493FEA /* libstdc++.6.0.9.dylib in Frameworks */ = {isa = PBXBuildFile; fileRef = 0CFF37811AE34BB200493FEA /* libstdc++.6.0.9.dylib */; };
		0CFF37841AE34BBF00493FEA /* CoreImage.framework in Frameworks */ = {isa = PBXBuildFile; fileRef = 0CFF37831AE34BBF00493FEA /* CoreImage.framework */; };
		0CFF378A1AE34E7F00493FEA /* MainPageVC.swift in Sources */ = {isa = PBXBuildFile; fileRef = 0CFF37891AE34E7F00493FEA /* MainPageVC.swift */; };
/* End PBXBuildFile section */

/* Begin PBXContainerItemProxy section */
		041EDBDF1A625CED00ECDA48 /* PBXContainerItemProxy */ = {
			isa = PBXContainerItemProxy;
			containerPortal = 041EDBC11A625CEC00ECDA48 /* Project object */;
			proxyType = 1;
			remoteGlobalIDString = 041EDBC81A625CEC00ECDA48;
			remoteInfo = LoveInASnap;
		};
/* End PBXContainerItemProxy section */

/* Begin PBXFileReference section */
		041EDBC91A625CEC00ECDA48 /* REAL.app */ = {isa = PBXFileReference; explicitFileType = wrapper.application; includeInIndex = 0; path = REAL.app; sourceTree = BUILT_PRODUCTS_DIR; };
		041EDBCD1A625CEC00ECDA48 /* Info.plist */ = {isa = PBXFileReference; lastKnownFileType = text.plist.xml; path = Info.plist; sourceTree = "<group>"; };
		041EDBCE1A625CEC00ECDA48 /* AppDelegate.swift */ = {isa = PBXFileReference; lastKnownFileType = sourcecode.swift; path = AppDelegate.swift; sourceTree = "<group>"; };
		041EDBD01A625CEC00ECDA48 /* ViewController.swift */ = {isa = PBXFileReference; lastKnownFileType = sourcecode.swift; path = ViewController.swift; sourceTree = "<group>"; };
		041EDBD31A625CEC00ECDA48 /* Base */ = {isa = PBXFileReference; lastKnownFileType = file.storyboard; name = Base; path = Base.lproj/Main.storyboard; sourceTree = "<group>"; };
		041EDBD51A625CEC00ECDA48 /* Images.xcassets */ = {isa = PBXFileReference; lastKnownFileType = folder.assetcatalog; path = Images.xcassets; sourceTree = "<group>"; };
		041EDBD81A625CEC00ECDA48 /* Base */ = {isa = PBXFileReference; lastKnownFileType = file.xib; name = Base; path = Base.lproj/LaunchScreen.xib; sourceTree = "<group>"; };
		041EDBDE1A625CED00ECDA48 /* OCRTrackingOrderTests.xctest */ = {isa = PBXFileReference; explicitFileType = wrapper.cfbundle; includeInIndex = 0; path = OCRTrackingOrderTests.xctest; sourceTree = BUILT_PRODUCTS_DIR; };
		041EDBE31A625CED00ECDA48 /* Info.plist */ = {isa = PBXFileReference; lastKnownFileType = text.plist.xml; path = Info.plist; sourceTree = "<group>"; };
		041EDBE41A625CED00ECDA48 /* OCRTrackingOrderTests.swift */ = {isa = PBXFileReference; lastKnownFileType = sourcecode.swift; path = OCRTrackingOrderTests.swift; sourceTree = "<group>"; };
		041EDBEE1A625D9200ECDA48 /* Envelope.png */ = {isa = PBXFileReference; lastKnownFileType = image.png; path = Envelope.png; sourceTree = "<group>"; };
		041EDBEF1A625D9200ECDA48 /* Swap.png */ = {isa = PBXFileReference; lastKnownFileType = image.png; path = Swap.png; sourceTree = "<group>"; };
		0C7E76F41AF754F900DEFC37 /* image1.png */ = {isa = PBXFileReference; lastKnownFileType = image.png; name = image1.png; path = tessdata/image1.png; sourceTree = "<group>"; };
		0C7E76F61AF755A200DEFC37 /* logo.png */ = {isa = PBXFileReference; lastKnownFileType = image.png; path = logo.png; sourceTree = "<group>"; };
		0CF7AE091AE5DAB500E3B1A1 /* SignupVC.swift */ = {isa = PBXFileReference; fileEncoding = 4; lastKnownFileType = sourcecode.swift; path = SignupVC.swift; sourceTree = "<group>"; };
		0CF7AE0B1AE5DC7600E3B1A1 /* LoginVC.swift */ = {isa = PBXFileReference; fileEncoding = 4; lastKnownFileType = sourcecode.swift; path = LoginVC.swift; sourceTree = "<group>"; };
		0CF7AE0D1AE5DE0D00E3B1A1 /* ForgotPasswordVC.swift */ = {isa = PBXFileReference; fileEncoding = 4; lastKnownFileType = sourcecode.swift; path = ForgotPasswordVC.swift; sourceTree = "<group>"; };
		0CFF377D1AE34AD800493FEA /* tessdata */ = {isa = PBXFileReference; lastKnownFileType = folder; path = tessdata; sourceTree = "<group>"; };
		0CFF377F1AE34AE000493FEA /* TesseractOCR.framework */ = {isa = PBXFileReference; lastKnownFileType = wrapper.framework; name = TesseractOCR.framework; path = LoveInASnap/TesseractOCR.framework; sourceTree = "<group>"; };
		0CFF37811AE34BB200493FEA /* libstdc++.6.0.9.dylib */ = {isa = PBXFileReference; lastKnownFileType = "compiled.mach-o.dylib"; name = "libstdc++.6.0.9.dylib"; path = "usr/lib/libstdc++.6.0.9.dylib"; sourceTree = SDKROOT; };
		0CFF37831AE34BBF00493FEA /* CoreImage.framework */ = {isa = PBXFileReference; lastKnownFileType = wrapper.framework; name = CoreImage.framework; path = System/Library/Frameworks/CoreImage.framework; sourceTree = SDKROOT; };
		0CFF37851AE34C5D00493FEA /* OCRTrackingOrder-Bridging-Header.h */ = {isa = PBXFileReference; lastKnownFileType = sourcecode.c.h; path = "OCRTrackingOrder-Bridging-Header.h"; sourceTree = "<group>"; };
		0CFF37891AE34E7F00493FEA /* MainPageVC.swift */ = {isa = PBXFileReference; fileEncoding = 4; lastKnownFileType = sourcecode.swift; path = MainPageVC.swift; sourceTree = "<group>"; };
/* End PBXFileReference section */

/* Begin PBXFrameworksBuildPhase section */
		041EDBC61A625CEC00ECDA48 /* Frameworks */ = {
			isa = PBXFrameworksBuildPhase;
			buildActionMask = 2147483647;
			files = (
				0CFF37841AE34BBF00493FEA /* CoreImage.framework in Frameworks */,
				0CFF37821AE34BB200493FEA /* libstdc++.6.0.9.dylib in Frameworks */,
				0CFF37801AE34AE000493FEA /* TesseractOCR.framework in Frameworks */,
			);
			runOnlyForDeploymentPostprocessing = 0;
		};
		041EDBDB1A625CED00ECDA48 /* Frameworks */ = {
			isa = PBXFrameworksBuildPhase;
			buildActionMask = 2147483647;
			files = (
			);
			runOnlyForDeploymentPostprocessing = 0;
		};
/* End PBXFrameworksBuildPhase section */

/* Begin PBXGroup section */
		041EDBC01A625CEC00ECDA48 = {
			isa = PBXGroup;
			children = (
				0CFF37831AE34BBF00493FEA /* CoreImage.framework */,
				0CFF37811AE34BB200493FEA /* libstdc++.6.0.9.dylib */,
				0CFF377F1AE34AE000493FEA /* TesseractOCR.framework */,
				041EDBCB1A625CEC00ECDA48 /* OCRTrackingOrder */,
				041EDBE11A625CED00ECDA48 /* OCRTrackingOrderTests */,
				041EDBCA1A625CEC00ECDA48 /* Products */,
			);
			indentWidth = 2;
			sourceTree = "<group>";
			tabWidth = 2;
		};
		041EDBCA1A625CEC00ECDA48 /* Products */ = {
			isa = PBXGroup;
			children = (
				041EDBC91A625CEC00ECDA48 /* REAL.app */,
				041EDBDE1A625CED00ECDA48 /* OCRTrackingOrderTests.xctest */,
			);
			name = Products;
			sourceTree = "<group>";
		};
		041EDBCB1A625CEC00ECDA48 /* OCRTrackingOrder */ = {
			isa = PBXGroup;
			children = (
				041EDBCE1A625CEC00ECDA48 /* AppDelegate.swift */,
				041EDBD01A625CEC00ECDA48 /* ViewController.swift */,
				041EDBD21A625CEC00ECDA48 /* Main.storyboard */,
				0CFF37891AE34E7F00493FEA /* MainPageVC.swift */,
				0CF7AE091AE5DAB500E3B1A1 /* SignupVC.swift */,
				0CF7AE0D1AE5DE0D00E3B1A1 /* ForgotPasswordVC.swift */,
				0CF7AE0B1AE5DC7600E3B1A1 /* LoginVC.swift */,
				041EDBD51A625CEC00ECDA48 /* Images.xcassets */,
				041EDBD71A625CEC00ECDA48 /* LaunchScreen.xib */,
				041EDBCC1A625CEC00ECDA48 /* Supporting Files */,
				0CFF37851AE34C5D00493FEA /* OCRTrackingOrder-Bridging-Header.h */,
			);
			name = OCRTrackingOrder;
			path = LoveInASnap;
			sourceTree = "<group>";
		};
		041EDBCC1A625CEC00ECDA48 /* Supporting Files */ = {
			isa = PBXGroup;
			children = (
				0CFF377D1AE34AD800493FEA /* tessdata */,
				041EDBEE1A625D9200ECDA48 /* Envelope.png */,
				0C7E76F61AF755A200DEFC37 /* logo.png */,
				0C7E76F41AF754F900DEFC37 /* image1.png */,
				041EDBEF1A625D9200ECDA48 /* Swap.png */,
				041EDBCD1A625CEC00ECDA48 /* Info.plist */,
			);
			name = "Supporting Files";
			sourceTree = "<group>";
		};
		041EDBE11A625CED00ECDA48 /* OCRTrackingOrderTests */ = {
			isa = PBXGroup;
			children = (
				041EDBE41A625CED00ECDA48 /* OCRTrackingOrderTests.swift */,
				041EDBE21A625CED00ECDA48 /* Supporting Files */,
			);
			name = OCRTrackingOrderTests;
			path = LoveInASnapTests;
			sourceTree = "<group>";
		};
		041EDBE21A625CED00ECDA48 /* Supporting Files */ = {
			isa = PBXGroup;
			children = (
				041EDBE31A625CED00ECDA48 /* Info.plist */,
			);
			name = "Supporting Files";
			sourceTree = "<group>";
		};
/* End PBXGroup section */

/* Begin PBXNativeTarget section */
		041EDBC81A625CEC00ECDA48 /* REAL */ = {
			isa = PBXNativeTarget;
			buildConfigurationList = 041EDBE81A625CED00ECDA48 /* Build configuration list for PBXNativeTarget "REAL" */;
			buildPhases = (
				041EDBC51A625CEC00ECDA48 /* Sources */,
				041EDBC61A625CEC00ECDA48 /* Frameworks */,
				041EDBC71A625CEC00ECDA48 /* Resources */,
			);
			buildRules = (
			);
			dependencies = (
			);
			name = REAL;
			productName = LoveInASnap;
			productReference = 041EDBC91A625CEC00ECDA48 /* REAL.app */;
			productType = "com.apple.product-type.application";
		};
		041EDBDD1A625CED00ECDA48 /* REALTests */ = {
			isa = PBXNativeTarget;
			buildConfigurationList = 041EDBEB1A625CED00ECDA48 /* Build configuration list for PBXNativeTarget "REALTests" */;
			buildPhases = (
				041EDBDA1A625CED00ECDA48 /* Sources */,
				041EDBDB1A625CED00ECDA48 /* Frameworks */,
				041EDBDC1A625CED00ECDA48 /* Resources */,
			);
			buildRules = (
			);
			dependencies = (
				041EDBE01A625CED00ECDA48 /* PBXTargetDependency */,
			);
			name = REALTests;
			productName = LoveInASnapTests;
			productReference = 041EDBDE1A625CED00ECDA48 /* OCRTrackingOrderTests.xctest */;
			productType = "com.apple.product-type.bundle.unit-test";
		};
/* End PBXNativeTarget section */

/* Begin PBXProject section */
		041EDBC11A625CEC00ECDA48 /* Project object */ = {
			isa = PBXProject;
			attributes = {
				LastUpgradeCheck = 0610;
				ORGANIZATIONNAME = "Lyndsey Scott";
				TargetAttributes = {
					041EDBC81A625CEC00ECDA48 = {
						CreatedOnToolsVersion = 6.1.1;
					};
					041EDBDD1A625CED00ECDA48 = {
						CreatedOnToolsVersion = 6.1.1;
						TestTargetID = 041EDBC81A625CEC00ECDA48;
					};
				};
			};
			buildConfigurationList = 041EDBC41A625CEC00ECDA48 /* Build configuration list for PBXProject "REAL" */;
			compatibilityVersion = "Xcode 3.2";
			developmentRegion = English;
			hasScannedForEncodings = 0;
			knownRegions = (
				en,
				Base,
			);
			mainGroup = 041EDBC01A625CEC00ECDA48;
			productRefGroup = 041EDBCA1A625CEC00ECDA48 /* Products */;
			projectDirPath = "";
			projectRoot = "";
			targets = (
				041EDBC81A625CEC00ECDA48 /* REAL */,
				041EDBDD1A625CED00ECDA48 /* REALTests */,
			);
		};
/* End PBXProject section */

/* Begin PBXResourcesBuildPhase section */
		041EDBC71A625CEC00ECDA48 /* Resources */ = {
			isa = PBXResourcesBuildPhase;
			buildActionMask = 2147483647;
			files = (
				0C7E76F51AF754F900DEFC37 /* image1.png in Resources */,
				0C7E76F71AF755A200DEFC37 /* logo.png in Resources */,
				041EDBD41A625CEC00ECDA48 /* Main.storyboard in Resources */,
				041EDBF01A625D9200ECDA48 /* Envelope.png in Resources */,
				041EDBF11A625D9200ECDA48 /* Swap.png in Resources */,
				041EDBD91A625CEC00ECDA48 /* LaunchScreen.xib in Resources */,
				041EDBD61A625CEC00ECDA48 /* Images.xcassets in Resources */,
				0CFF377E1AE34AD800493FEA /* tessdata in Resources */,
			);
			runOnlyForDeploymentPostprocessing = 0;
		};
		041EDBDC1A625CED00ECDA48 /* Resources */ = {
			isa = PBXResourcesBuildPhase;
			buildActionMask = 2147483647;
			files = (
			);
			runOnlyForDeploymentPostprocessing = 0;
		};
/* End PBXResourcesBuildPhase section */

/* Begin PBXSourcesBuildPhase section */
		041EDBC51A625CEC00ECDA48 /* Sources */ = {
			isa = PBXSourcesBuildPhase;
			buildActionMask = 2147483647;
			files = (
				0CF7AE0A1AE5DAB500E3B1A1 /* SignupVC.swift in Sources */,
				0CFF378A1AE34E7F00493FEA /* MainPageVC.swift in Sources */,
				0CF7AE0E1AE5DE0E00E3B1A1 /* ForgotPasswordVC.swift in Sources */,
				041EDBD11A625CEC00ECDA48 /* ViewController.swift in Sources */,
				041EDBCF1A625CEC00ECDA48 /* AppDelegate.swift in Sources */,
				0CF7AE0C1AE5DC7600E3B1A1 /* LoginVC.swift in Sources */,
			);
			runOnlyForDeploymentPostprocessing = 0;
		};
		041EDBDA1A625CED00ECDA48 /* Sources */ = {
			isa = PBXSourcesBuildPhase;
			buildActionMask = 2147483647;
			files = (
				041EDBE51A625CED00ECDA48 /* OCRTrackingOrderTests.swift in Sources */,
			);
			runOnlyForDeploymentPostprocessing = 0;
		};
/* End PBXSourcesBuildPhase section */

/* Begin PBXTargetDependency section */
		041EDBE01A625CED00ECDA48 /* PBXTargetDependency */ = {
			isa = PBXTargetDependency;
			target = 041EDBC81A625CEC00ECDA48 /* REAL */;
			targetProxy = 041EDBDF1A625CED00ECDA48 /* PBXContainerItemProxy */;
		};
/* End PBXTargetDependency section */

/* Begin PBXVariantGroup section */
		041EDBD21A625CEC00ECDA48 /* Main.storyboard */ = {
			isa = PBXVariantGroup;
			children = (
				041EDBD31A625CEC00ECDA48 /* Base */,
			);
			name = Main.storyboard;
			sourceTree = "<group>";
		};
		041EDBD71A625CEC00ECDA48 /* LaunchScreen.xib */ = {
			isa = PBXVariantGroup;
			children = (
				041EDBD81A625CEC00ECDA48 /* Base */,
			);
			name = LaunchScreen.xib;
			sourceTree = "<group>";
		};
/* End PBXVariantGroup section */

/* Begin XCBuildConfiguration section */
		041EDBE61A625CED00ECDA48 /* Debug */ = {
			isa = XCBuildConfiguration;
			buildSettings = {
				ALWAYS_SEARCH_USER_PATHS = NO;
				CLANG_CXX_LANGUAGE_STANDARD = "gnu++0x";
				CLANG_CXX_LIBRARY = "compiler-default";
				CLANG_ENABLE_MODULES = YES;
				CLANG_ENABLE_OBJC_ARC = YES;
				CLANG_WARN_BOOL_CONVERSION = YES;
				CLANG_WARN_CONSTANT_CONVERSION = YES;
				CLANG_WARN_DIRECT_OBJC_ISA_USAGE = YES_ERROR;
				CLANG_WARN_EMPTY_BODY = YES;
				CLANG_WARN_ENUM_CONVERSION = YES;
				CLANG_WARN_INT_CONVERSION = YES;
				CLANG_WARN_OBJC_ROOT_CLASS = YES_ERROR;
				CLANG_WARN_UNREACHABLE_CODE = YES;
				CLANG_WARN__DUPLICATE_METHOD_MATCH = YES;
				"CODE_SIGN_IDENTITY[sdk=iphoneos*]" = "iPhone Developer";
				COPY_PHASE_STRIP = NO;
				ENABLE_STRICT_OBJC_MSGSEND = YES;
				GCC_C_LANGUAGE_STANDARD = gnu99;
				GCC_DYNAMIC_NO_PIC = NO;
				GCC_OPTIMIZATION_LEVEL = 0;
				GCC_PREPROCESSOR_DEFINITIONS = (
					"DEBUG=1",
					"$(inherited)",
				);
				GCC_SYMBOLS_PRIVATE_EXTERN = NO;
				GCC_WARN_64_TO_32_BIT_CONVERSION = YES;
				GCC_WARN_ABOUT_RETURN_TYPE = YES_ERROR;
				GCC_WARN_UNDECLARED_SELECTOR = YES;
				GCC_WARN_UNINITIALIZED_AUTOS = YES_AGGRESSIVE;
				GCC_WARN_UNUSED_FUNCTION = YES;
				GCC_WARN_UNUSED_VARIABLE = YES;
				IPHONEOS_DEPLOYMENT_TARGET = 8.1;
				MTL_ENABLE_DEBUG_INFO = YES;
				ONLY_ACTIVE_ARCH = YES;
				OTHER_LDFLAGS = "-lstdc++ ";
				SDKROOT = iphoneos;
				SWIFT_OPTIMIZATION_LEVEL = "-Onone";
			};
			name = Debug;
		};
		041EDBE71A625CED00ECDA48 /* Release */ = {
			isa = XCBuildConfiguration;
			buildSettings = {
				ALWAYS_SEARCH_USER_PATHS = NO;
				CLANG_CXX_LANGUAGE_STANDARD = "gnu++0x";
				CLANG_CXX_LIBRARY = "compiler-default";
				CLANG_ENABLE_MODULES = YES;
				CLANG_ENABLE_OBJC_ARC = YES;
				CLANG_WARN_BOOL_CONVERSION = YES;
				CLANG_WARN_CONSTANT_CONVERSION = YES;
				CLANG_WARN_DIRECT_OBJC_ISA_USAGE = YES_ERROR;
				CLANG_WARN_EMPTY_BODY = YES;
				CLANG_WARN_ENUM_CONVERSION = YES;
				CLANG_WARN_INT_CONVERSION = YES;
				CLANG_WARN_OBJC_ROOT_CLASS = YES_ERROR;
				CLANG_WARN_UNREACHABLE_CODE = YES;
				CLANG_WARN__DUPLICATE_METHOD_MATCH = YES;
				"CODE_SIGN_IDENTITY[sdk=iphoneos*]" = "iPhone Developer";
				COPY_PHASE_STRIP = YES;
				ENABLE_NS_ASSERTIONS = NO;
				ENABLE_STRICT_OBJC_MSGSEND = YES;
				GCC_C_LANGUAGE_STANDARD = gnu99;
				GCC_WARN_64_TO_32_BIT_CONVERSION = YES;
				GCC_WARN_ABOUT_RETURN_TYPE = YES_ERROR;
				GCC_WARN_UNDECLARED_SELECTOR = YES;
				GCC_WARN_UNINITIALIZED_AUTOS = YES_AGGRESSIVE;
				GCC_WARN_UNUSED_FUNCTION = YES;
				GCC_WARN_UNUSED_VARIABLE = YES;
				IPHONEOS_DEPLOYMENT_TARGET = 8.1;
				MTL_ENABLE_DEBUG_INFO = NO;
				OTHER_LDFLAGS = "-lstdc++ ";
				SDKROOT = iphoneos;
				VALIDATE_PRODUCT = YES;
			};
			name = Release;
		};
		041EDBE91A625CED00ECDA48 /* Debug */ = {
			isa = XCBuildConfiguration;
			buildSettings = {
				ASSETCATALOG_COMPILER_APPICON_NAME = AppIcon;
				CLANG_ENABLE_MODULES = YES;
				FRAMEWORK_SEARCH_PATHS = (
					"$(inherited)",
					"$(PROJECT_DIR)/LoveInASnap",
				);
				INFOPLIST_FILE = LoveInASnap/Info.plist;
				LD_RUNPATH_SEARCH_PATHS = "$(inherited) @executable_path/Frameworks";
				PRODUCT_NAME = REAL;
				SWIFT_OBJC_BRIDGING_HEADER = "LoveInASnap/OCRTrackingOrder-Bridging-Header.h";
				SWIFT_OPTIMIZATION_LEVEL = "-Onone";
			};
			name = Debug;
		};
		041EDBEA1A625CED00ECDA48 /* Release */ = {
			isa = XCBuildConfiguration;
			buildSettings = {
				ASSETCATALOG_COMPILER_APPICON_NAME = AppIcon;
				CLANG_ENABLE_MODULES = YES;
				FRAMEWORK_SEARCH_PATHS = (
					"$(inherited)",
					"$(PROJECT_DIR)/LoveInASnap",
				);
				INFOPLIST_FILE = LoveInASnap/Info.plist;
				LD_RUNPATH_SEARCH_PATHS = "$(inherited) @executable_path/Frameworks";
				PRODUCT_NAME = REAL;
				SWIFT_OBJC_BRIDGING_HEADER = "LoveInASnap/OCRTrackingOrder-Bridging-Header.h";
			};
			name = Release;
		};
		041EDBEC1A625CED00ECDA48 /* Debug */ = {
			isa = XCBuildConfiguration;
			buildSettings = {
				BUNDLE_LOADER = "$(TEST_HOST)";
				FRAMEWORK_SEARCH_PATHS = (
					"$(SDKROOT)/Developer/Library/Frameworks",
					"$(inherited)",
				);
				GCC_PREPROCESSOR_DEFINITIONS = (
					"DEBUG=1",
					"$(inherited)",
				);
				INFOPLIST_FILE = LoveInASnapTests/Info.plist;
				LD_RUNPATH_SEARCH_PATHS = "$(inherited) @executable_path/Frameworks @loader_path/Frameworks";
				PRODUCT_NAME = OCRTrackingOrderTests;
				TEST_HOST = "";
			};
			name = Debug;
		};
		041EDBED1A625CED00ECDA48 /* Release */ = {
			isa = XCBuildConfiguration;
			buildSettings = {
				BUNDLE_LOADER = "$(TEST_HOST)";
				FRAMEWORK_SEARCH_PATHS = (
					"$(SDKROOT)/Developer/Library/Frameworks",
					"$(inherited)",
				);
				INFOPLIST_FILE = LoveInASnapTests/Info.plist;
				LD_RUNPATH_SEARCH_PATHS = "$(inherited) @executable_path/Frameworks @loader_path/Frameworks";
				PRODUCT_NAME = OCRTrackingOrderTests;
				TEST_HOST = "";
			};
			name = Release;
		};
/* End XCBuildConfiguration section */

/* Begin XCConfigurationList section */
		041EDBC41A625CEC00ECDA48 /* Build configuration list for PBXProject "REAL" */ = {
			isa = XCConfigurationList;
			buildConfigurations = (
				041EDBE61A625CED00ECDA48 /* Debug */,
				041EDBE71A625CED00ECDA48 /* Release */,
			);
			defaultConfigurationIsVisible = 0;
			defaultConfigurationName = Release;
		};
		041EDBE81A625CED00ECDA48 /* Build configuration list for PBXNativeTarget "REAL" */ = {
			isa = XCConfigurationList;
			buildConfigurations = (
				041EDBE91A625CED00ECDA48 /* Debug */,
				041EDBEA1A625CED00ECDA48 /* Release */,
			);
			defaultConfigurationIsVisible = 0;
			defaultConfigurationName = Release;
		};
		041EDBEB1A625CED00ECDA48 /* Build configuration list for PBXNativeTarget "REALTests" */ = {
			isa = XCConfigurationList;
			buildConfigurations = (
				041EDBEC1A625CED00ECDA48 /* Debug */,
				041EDBED1A625CED00ECDA48 /* Release */,
			);
			defaultConfigurationIsVisible = 0;
			defaultConfigurationName = Release;
		};
/* End XCConfigurationList section */
	};
	rootObject = 041EDBC11A625CEC00ECDA48 /* Project object */;
}
